PODS:
  - AFNetworking (2.6.0):
    - AFNetworking/NSURLConnection (= 2.6.0)
    - AFNetworking/NSURLSession (= 2.6.0)
    - AFNetworking/Reachability (= 2.6.0)
    - AFNetworking/Security (= 2.6.0)
    - AFNetworking/Serialization (= 2.6.0)
    - AFNetworking/UIKit (= 2.6.0)
  - AFNetworking/NSURLConnection (2.6.0):
    - AFNetworking/Reachability
    - AFNetworking/Security
    - AFNetworking/Serialization
  - AFNetworking/NSURLSession (2.6.0):
    - AFNetworking/Reachability
    - AFNetworking/Security
    - AFNetworking/Serialization
  - AFNetworking/Reachability (2.6.0)
  - AFNetworking/Security (2.6.0)
  - AFNetworking/Serialization (2.6.0)
  - AFNetworking/UIKit (2.6.0):
    - AFNetworking/NSURLConnection
    - AFNetworking/NSURLSession
  - Alamofire (2.0.0)
  - Async (1.3.1)
  - Bolts (1.2.2):
    - Bolts/AppLinks (= 1.2.2)
    - Bolts/Tasks (= 1.2.2)
  - Bolts/AppLinks (1.2.2):
    - Bolts/Tasks
  - Bolts/Tasks (1.2.2)
  - Fabric (1.5.1):
    - Fabric/Base (= 1.5.1)
  - Fabric/Base (1.5.1)
  - FBSDKCoreKit (4.6.0):
    - Bolts (~> 1.1)
    - FBSDKCoreKit/arc (= 4.6.0)
    - FBSDKCoreKit/no-arc (= 4.6.0)
  - FBSDKCoreKit/arc (4.6.0):
    - Bolts (~> 1.1)
  - FBSDKCoreKit/no-arc (4.6.0):
    - Bolts (~> 1.1)
    - FBSDKCoreKit/arc
  - FBSDKLoginKit (4.6.0):
    - FBSDKCoreKit
  - FBSDKShareKit (4.6.0):
    - FBSDKCoreKit
  - FontBlaster (1.0.7)
  - Google/Core (1.0.7):
    - GoogleNetworkingUtilities (~> 1.0)
    - GoogleSymbolUtilities (~> 1.0)
    - GoogleUtilities (~> 1.0)
  - Google/SignIn (1.0.7):
    - Google/Core
    - GoogleSignIn (~> 2.0)
  - GoogleAppUtilities (1.0.0):
    - GoogleSymbolUtilities (~> 1.0)
  - GoogleAuthUtilities (1.0.1):
    - GoogleNetworkingUtilities (~> 1.0)
    - GoogleSymbolUtilities (~> 1.0)
  - GoogleNetworkingUtilities (1.0.0):
    - GoogleSymbolUtilities (~> 1.0)
  - GoogleSignIn (2.2.0):
    - GoogleAppUtilities (~> 1)
    - GoogleAuthUtilities (~> 1)
    - GoogleNetworkingUtilities (~> 1)
    - GoogleUtilities (~> 1)
  - GoogleSymbolUtilities (1.0.0)
  - GoogleUtilities (1.0.1):
    - GoogleSymbolUtilities (~> 1.0)
  - HCSStarRatingView (1.4.2)
  - InstagramKit (3.6.8):
    - AFNetworking (~> 2.0)
    - InstagramKit/Exclude-UICKeyChainStore (= 3.6.8)
  - InstagramKit/Exclude-UICKeyChainStore (3.6.8):
    - AFNetworking (~> 2.0)
  - KeychainAccess (1.2.1)
  - OAStackView (0.1.0)
  - OAuthSwift (0.3.7)
  - Parse (1.8.3):
    - Bolts/Tasks (>= 1.2.2)
  - ParseFacebookUtilsV4 (1.8.3):
    - Bolts/Tasks (>= 1.2.2)
    - FBSDKCoreKit (~> 4.0)
    - FBSDKLoginKit (~> 4.0)
    - Parse (~> 1.8.3)
  - ParseTwitterUtils (1.8.3):
    - Bolts/Tasks (>= 1.2.2)
    - Parse (~> 1.8.3)
  - ParseUI (1.1.6):
    - Bolts/Tasks (~> 1.2)
    - Parse (~> 1.8)
  - SDWebImage (3.7.3):
    - SDWebImage/Core (= 3.7.3)
  - SDWebImage/Core (3.7.3)
  - SwiftValidator (2.1.1)
  - SwiftyJSON (2.2.1)
  - TLYShyNavBar (0.9.12)
  - TPKeyboardAvoiding (1.2.9)
  - TwitterCore (1.10.1)
  - TwitterKit (1.10.1)
  - VK-ios-sdk (1.2.2)

DEPENDENCIES:
  - Alamofire
  - Async (from `https://github.com/duemunk/Async.git`, branch `feature/Swift_2.0`)
  - Fabric
  - FBSDKCoreKit
  - FBSDKLoginKit
  - FBSDKShareKit
  - FontBlaster (from `https://github.com/AndrewSB/FontBlaster.git`)
  - Google/SignIn
  - HCSStarRatingView (~> 1.4.2)
  - InstagramKit (~> 3.0)
  - KeychainAccess (from `https://github.com/kishikawakatsumi/KeychainAccess.git`,
    branch `swift-2.0`)
  - OAStackView
  - OAuthSwift (from `https://github.com/rpowelll/OAuthSwift.git`)
  - Parse (~> 1.7)
  - ParseFacebookUtilsV4 (~> 1.7)
  - ParseTwitterUtils
  - ParseUI (~> 1.1)
  - SDWebImage (~> 3.7)
  - SwiftValidator (from `https://github.com/i-schuetz/SwiftValidator.git`)
  - SwiftyJSON (from `https://github.com/SwiftyJSON/SwiftyJSON.git`, branch `xcode7`)
  - TLYShyNavBar
  - TPKeyboardAvoiding (~> 1.2)
  - TwitterCore
  - TwitterKit
  - VK-ios-sdk

EXTERNAL SOURCES:
  Async:
    :branch: feature/Swift_2.0
    :git: https://github.com/duemunk/Async.git
  FontBlaster:
    :git: https://github.com/AndrewSB/FontBlaster.git
  KeychainAccess:
    :branch: swift-2.0
    :git: https://github.com/kishikawakatsumi/KeychainAccess.git
  OAuthSwift:
    :git: https://github.com/rpowelll/OAuthSwift.git
  SwiftValidator:
    :git: https://github.com/i-schuetz/SwiftValidator.git
  SwiftyJSON:
    :branch: xcode7
    :git: https://github.com/SwiftyJSON/SwiftyJSON.git

CHECKOUT OPTIONS:
  Async:
    :commit: abe23c18d8d3a708a325b5db10231388e1ca5b88
    :git: https://github.com/duemunk/Async.git
  FontBlaster:
    :commit: 46776e41f95b9e92a24f9a7d52236f19c128ecf2
    :git: https://github.com/AndrewSB/FontBlaster.git
  KeychainAccess:
    :commit: d1799b703b6b58e2d6ad7becb3cde620a20fcce2
    :git: https://github.com/kishikawakatsumi/KeychainAccess.git
  OAuthSwift:
    :commit: 784ee3db91560f8ce504a66a0fef49cbbff0a64f
    :git: https://github.com/rpowelll/OAuthSwift.git
  SwiftValidator:
    :commit: ca6509687eb869b542544757956cdd84b9585a5e
    :git: https://github.com/i-schuetz/SwiftValidator.git
  SwiftyJSON:
    :commit: d4df13c66146a8e9c8d96c852746a08363003d36
    :git: https://github.com/SwiftyJSON/SwiftyJSON.git

SPEC CHECKSUMS:
  AFNetworking: 79f7eb1a0fcfa7beb409332b2ca49afe9ce53b05
  Alamofire: 2f13548b29d25a58ecd91c9225fb51493e2b782b
  Async: edb15b1e34181d7c9873ce6b5d6eabc1c99e638b
  Bolts: 20a2bd788273360cb1e31530dc19b8544eef2544
  Fabric: 03c3b3fe77e11a2bc31421b989a9c7adaa4779a5
  FBSDKCoreKit: 9954492d90c5fd65ae831395697a1660360d61f1
  FBSDKLoginKit: 3d07febbfa884b9878cacba54f705bb41f07d4b6
  FBSDKShareKit: f474f1123791e215d0299b98b3ee92ddd9187d86
  FontBlaster: 2f3fc74593612c134398b8eb2b914ec1fe3d4cd6
  Google: 875f5a8ade86dd02e36586e4a54814843938c7f6
  GoogleAppUtilities: c01c6a5671e9da8b9d690fdaec5959d6c2aac699
  GoogleAuthUtilities: 049ffd3a297cdffd271451b82fd4e75304f15ef3
  GoogleNetworkingUtilities: 292992ab31b7b4ba32809a0e8b40e324cdfb2c0c
  GoogleSignIn: c45d8d1a873784a3283b4f47f331dc06d8a727b6
  GoogleSymbolUtilities: a7b0feed1fe667c8d5e647177938d0ecd62d6948
  GoogleUtilities: e3475cd4d45134221d2f3f3626095a1c49b62041
  HCSStarRatingView: 6157471eff9fe3ec7240e131a5b0aba39f097e57
  InstagramKit: 2dc81dd8a9b534bbf918fbf8c4bc11eef11040a3
  KeychainAccess: 2ffa8b1b7130263bb7fe90b359d778696fc2d8ce
  OAStackView: 76e64242351e2746374b9161a03021cbc19341ff
  OAuthSwift: d5a96a1a92329e3b4bb63b682c3e4e89a8698dc8
  Parse: 4b251ac63b76d12b334a32579cc3b174446f0c39
  ParseFacebookUtilsV4: 603b78d4122642f3cdff5eee5b7b90e8d81b1e0c
  ParseTwitterUtils: 4df4b7f5cb903809221c8e013683d9a9e6536951
  ParseUI: 8a22e448c03f825203d8c379c80523517f68baa3
  SDWebImage: 1d2b1a1efda1ade1b00b6f8498865f8ddedc8a84
  SwiftValidator: 79936ea870f1dba8a0824763375375bb209fe30d
  SwiftyJSON: ae2d0a3d68025d136602a33c4ee215091ced3e33
  TLYShyNavBar: c39c12e01861ab87cc6d0d51867845c87d05f39d
  TPKeyboardAvoiding: ff1ee4e5a5a0c119b965552af8f183868ea20207
  TwitterCore: 632e809318be9ea2b6f38cc21611033367681adc
  TwitterKit: b3f09aaef09ae9339f02a48f6c0adb1b09156079
  VK-ios-sdk: f4b7df0d4e277e06d60fef6dc472be4260eeda6d

COCOAPODS: 0.39.0.beta.4
