PODS:
  - AFNetworking (2.6.1):
    - AFNetworking/NSURLConnection (= 2.6.1)
    - AFNetworking/NSURLSession (= 2.6.1)
    - AFNetworking/Reachability (= 2.6.1)
    - AFNetworking/Security (= 2.6.1)
    - AFNetworking/Serialization (= 2.6.1)
    - AFNetworking/UIKit (= 2.6.1)
  - AFNetworking/NSURLConnection (2.6.1):
    - AFNetworking/Reachability
    - AFNetworking/Security
    - AFNetworking/Serialization
  - AFNetworking/NSURLSession (2.6.1):
    - AFNetworking/Reachability
    - AFNetworking/Security
    - AFNetworking/Serialization
  - AFNetworking/Reachability (2.6.1)
  - AFNetworking/Security (2.6.1)
  - AFNetworking/Serialization (2.6.1)
  - AFNetworking/UIKit (2.6.1):
    - AFNetworking/NSURLConnection
    - AFNetworking/NSURLSession
  - Alamofire (3.1.1)
  - Async (1.3.1)
  - Bolts (1.4.0):
    - Bolts/AppLinks (= 1.4.0)
    - Bolts/Tasks (= 1.4.0)
  - Bolts/AppLinks (1.4.0):
    - Bolts/Tasks
  - Bolts/Tasks (1.4.0)
  - Crashlytics (3.3.4)
  - DynamicBlurView (1.1.0)
  - Fabric (1.5.5):
    - Fabric/Base (= 1.5.5)
  - Fabric/Base (1.5.5)
  - FBSDKCoreKit (4.7.1):
    - Bolts (~> 1.1)
    - FBSDKCoreKit/arc (= 4.7.1)
    - FBSDKCoreKit/no-arc (= 4.7.1)
  - FBSDKCoreKit/arc (4.7.1):
    - Bolts (~> 1.1)
  - FBSDKCoreKit/no-arc (4.7.1):
    - Bolts (~> 1.1)
    - FBSDKCoreKit/arc
  - FBSDKLoginKit (4.7.1):
    - FBSDKCoreKit
  - FBSDKShareKit (4.7.1):
    - FBSDKCoreKit
  - FontBlaster (2.0.1)
  - HCSStarRatingView (1.4.3)
  - InstagramKit (3.6.9):
    - AFNetworking (~> 2.0)
    - InstagramKit/Exclude-UICKeyChainStore (= 3.6.9)
  - InstagramKit/Exclude-UICKeyChainStore (3.6.9):
    - AFNetworking (~> 2.0)
  - KeychainAccess (2.3.1)
  - OAStackView (0.2.0)
  - OAuthSwift (0.3.7)
  - Parse (1.9.1):
    - Bolts/Tasks (>= 1.4.0)
  - ParseFacebookUtilsV4 (1.9.0):
    - Bolts/Tasks (>= 1.3.0)
    - FBSDKCoreKit (~> 4.7)
    - FBSDKLoginKit (~> 4.7)
    - Parse (~> 1.9)
  - ParseTwitterUtils (1.9.0):
    - Bolts/Tasks (>= 1.3.0)
    - Parse (~> 1.9)
  - ParseUI (1.1.6):
    - Bolts/Tasks (~> 1.2)
    - Parse (~> 1.8)
  - Player (0.0.8)
  - SDWebImage (3.7.3):
    - SDWebImage/Core (= 3.7.3)
  - SDWebImage/Core (3.7.3)
  - SwiftValidator (2.1.1)
  - SwiftyJSON (2.3.1)
  - TLYShyNavBar (0.10.1)
  - TPKeyboardAvoiding (1.2.10)
  - TwitterCore (1.12.0)
  - TwitterKit (1.12.0)
  - VK-ios-sdk (1.3.4)
  - YouTubePlayer (0.3.0)

DEPENDENCIES:
  - Alamofire
  - Async (from `https://github.com/JohnCoates/Async.git`)
  - Crashlytics
  - DynamicBlurView
  - Fabric
  - FBSDKCoreKit
  - FBSDKLoginKit
  - FBSDKShareKit
  - FontBlaster
  - HCSStarRatingView (~> 1.4.2)
  - InstagramKit (~> 3.0)
  - KeychainAccess
  - OAStackView
  - OAuthSwift (from `https://github.com/dongri/OAuthSwift.git`, branch `swift2.0`)
  - Parse (~> 1.7)
  - ParseFacebookUtilsV4 (~> 1.7)
  - ParseTwitterUtils
  - ParseUI (~> 1.1)
  - Player
  - SDWebImage (~> 3.7)
  - SwiftValidator (from `https://github.com/i-schuetz/SwiftValidator.git`)
  - SwiftyJSON
  - TLYShyNavBar
  - TPKeyboardAvoiding (~> 1.2)
  - TwitterCore
  - TwitterKit
  - VK-ios-sdk
  - YouTubePlayer

EXTERNAL SOURCES:
  Async:
    :git: https://github.com/JohnCoates/Async.git
  OAuthSwift:
    :branch: swift2.0
    :git: https://github.com/dongri/OAuthSwift.git
  SwiftValidator:
    :git: https://github.com/i-schuetz/SwiftValidator.git

CHECKOUT OPTIONS:
  Async:
    :commit: 23d9de3675f8357e7ad7d4c8b8b7d7caf9b73570
    :git: https://github.com/JohnCoates/Async.git
  OAuthSwift:
    :commit: 6e7b674a65348b57dc8b98ffeff523bd08f03222
    :git: https://github.com/dongri/OAuthSwift.git
  SwiftValidator:
    :commit: ca6509687eb869b542544757956cdd84b9585a5e
    :git: https://github.com/i-schuetz/SwiftValidator.git

SPEC CHECKSUMS:
  AFNetworking: 8e4e60500beb8bec644cf575beee72990a76d399
  Alamofire: 9b0a7188b961a03914a99304488bd226b0e46c0e
  Async: 2aaa4263645846a8ea1c5829067fb2f8e694af36
  Bolts: 0e9bce58b9b9f5e8a7a4d47b16d2fabec289072b
  Crashlytics: 41c082440d2e14da444186fff65e79c0b4b35d4c
  DynamicBlurView: 315b8e824d2264ec43d546273fe177dee840033e
  Fabric: 190bf1a6eb65f7500de1347d027d2e59a7e53db1
  FBSDKCoreKit: 9141b70960a37930850370495fe565f4a27ac141
  FBSDKLoginKit: c11ed3c2833472db3bb4a4aecf27af4a6f69b173
  FBSDKShareKit: 213adf63e073f41a346b0e7a689805880dc5150e
  FontBlaster: 309504fddfd3a100e53f2d5a5a14553cd77fc33c
  HCSStarRatingView: bada6ae98258c3019531e0218030e2d5ad10765a
  InstagramKit: 1f937c5c4b8469fd00a31e235d5e7d3e256ffe5d
  KeychainAccess: d54b31c75745cfa595b3654590e8cb491a75d411
  OAStackView: a05adfec3669a5187b968a8c0a2690ae517271b6
  OAuthSwift: d5a96a1a92329e3b4bb63b682c3e4e89a8698dc8
  Parse: 54a965c8c19a6dde90284ab654dbcc77ef8c001b
  ParseFacebookUtilsV4: aadebfaaaf4a45bf0a0992863bf48c8fc49189e3
  ParseTwitterUtils: 0155d1a4e388690aa5d80405a586474e66606968
  ParseUI: 8a22e448c03f825203d8c379c80523517f68baa3
  Player: 31becc185d219b96dac5419ce90745095940ab92
  SDWebImage: 1d2b1a1efda1ade1b00b6f8498865f8ddedc8a84
  SwiftValidator: 79936ea870f1dba8a0824763375375bb209fe30d
  SwiftyJSON: 592b53bee5ef3dd9b3bebc6b9cb7ee35426ae8c3
  TLYShyNavBar: abeab693235fc21b5bd9c8de6e971da62fc3d1d9
  TPKeyboardAvoiding: 614ebec846ec28b83d548769297fa5fb56468904
  TwitterCore: a1feadb793512962003ed2bad23e846c8daa4efd
  TwitterKit: c27e7b997cd82d5c626fcfd8b1dead1e15dac7ca
  VK-ios-sdk: a20fbb61a1f45648fb185b77bb16f65aa735b2d6
  YouTubePlayer: 88713a96c356f2c88da8925eb61438eda88bcd57

COCOAPODS: 0.39.0.beta.4
